
Microsoft Visual Studio Solution File, Format Version 12.00
# Visual Studio 15
VisualStudioVersion = 15.0.28307.136
MinimumVisualStudioVersion = 10.0.40219.1
Project("{FAE04EC0-301F-11D3-BF4B-00C04F79EFBC}") = "MOQTest", "MOQTest\MOQTest.csproj", "{6C4BE97C-C778-42B1-BBE6-4130690E4CEB}"
EndProject
Global
	GlobalSection(SolutionConfigurationPlatforms) = preSolution
		Debug|Any CPU = Debug|Any CPU
		Release|Any CPU = Release|Any CPU
	EndGlobalSection
	GlobalSection(ProjectConfigurationPlatforms) = postSolution
		{6C4BE97C-C778-42B1-BBE6-4130690E4CEB}.Debug|Any CPU.ActiveCfg = Debug|Any CPU
		{6C4BE97C-C778-42B1-BBE6-4130690E4CEB}.Debug|Any CPU.Build.0 = Debug|Any CPU
		{6C4BE97C-C778-42B1-BBE6-4130690E4CEB}.Release|Any CPU.ActiveCfg = Release|Any CPU
		{6C4BE97C-C778-42B1-BBE6-4130690E4CEB}.Release|Any CPU.Build.0 = Release|Any CPU
	EndGlobalSection
	GlobalSection(SolutionProperties) = preSolution
		HideSolutionNode = FALSE
	EndGlobalSection
	GlobalSection(ExtensibilityGlobals) = postSolution
		SolutionGuid = {86D7464A-1D8E-4503-9600-816146983A00}
	EndGlobalSection
EndGlobal
